// !$*UTF8*$!
{
	archiveVersion = 1;
	classes = {
	};
	objectVersion = 46;
	objects = {

/* Begin PBXBuildFile section */
		B921C2B116DB36F800432145 /* DubLabsTestAppIcon_72x72.png in Resources */ = {isa = PBXBuildFile; fileRef = B921C2B016DB36F800432145 /* DubLabsTestAppIcon_72x72.png */; };
		B921C2B316DB36FB00432145 /* DubLabsTestAppIcon_144x144.png in Resources */ = {isa = PBXBuildFile; fileRef = B921C2B216DB36FB00432145 /* DubLabsTestAppIcon_144x144.png */; };
		B999085916D9D405004E5B35 /* UIKit.framework in Frameworks */ = {isa = PBXBuildFile; fileRef = B999085816D9D405004E5B35 /* UIKit.framework */; };
		B999085B16D9D405004E5B35 /* Foundation.framework in Frameworks */ = {isa = PBXBuildFile; fileRef = B999085A16D9D405004E5B35 /* Foundation.framework */; };
		B999085D16D9D405004E5B35 /* CoreGraphics.framework in Frameworks */ = {isa = PBXBuildFile; fileRef = B999085C16D9D405004E5B35 /* CoreGraphics.framework */; };
		B999086316D9D405004E5B35 /* InfoPlist.strings in Resources */ = {isa = PBXBuildFile; fileRef = B999086116D9D405004E5B35 /* InfoPlist.strings */; };
		B999086516D9D405004E5B35 /* main.m in Sources */ = {isa = PBXBuildFile; fileRef = B999086416D9D405004E5B35 /* main.m */; };
		B999086916D9D405004E5B35 /* DLTAppDelegate.m in Sources */ = {isa = PBXBuildFile; fileRef = B999086816D9D405004E5B35 /* DLTAppDelegate.m */; };
		B999086F16D9D405004E5B35 /* Default-568h@2x.png in Resources */ = {isa = PBXBuildFile; fileRef = B999086E16D9D405004E5B35 /* Default-568h@2x.png */; };
		B999087716D9D406004E5B35 /* SenTestingKit.framework in Frameworks */ = {isa = PBXBuildFile; fileRef = B999087616D9D406004E5B35 /* SenTestingKit.framework */; };
		B999087816D9D406004E5B35 /* UIKit.framework in Frameworks */ = {isa = PBXBuildFile; fileRef = B999085816D9D405004E5B35 /* UIKit.framework */; };
		B999087916D9D406004E5B35 /* Foundation.framework in Frameworks */ = {isa = PBXBuildFile; fileRef = B999085A16D9D405004E5B35 /* Foundation.framework */; };
		B999088116D9D406004E5B35 /* InfoPlist.strings in Resources */ = {isa = PBXBuildFile; fileRef = B999087F16D9D406004E5B35 /* InfoPlist.strings */; };
		B999088416D9D406004E5B35 /* DubLabsTestApp_v1Tests.m in Sources */ = {isa = PBXBuildFile; fileRef = B999088316D9D406004E5B35 /* DubLabsTestApp_v1Tests.m */; };
		B999089016D9D436004E5B35 /* DLTCommon.m in Sources */ = {isa = PBXBuildFile; fileRef = B999088F16D9D436004E5B35 /* DLTCommon.m */; };
		B999089616D9D43D004E5B35 /* DLTFeedItemDetailViewController.m in Sources */ = {isa = PBXBuildFile; fileRef = B999089316D9D43D004E5B35 /* DLTFeedItemDetailViewController.m */; };
		B999089716D9D43D004E5B35 /* DLTFeedItemsViewController.m in Sources */ = {isa = PBXBuildFile; fileRef = B999089516D9D43D004E5B35 /* DLTFeedItemsViewController.m */; };
		B999089D16D9D44D004E5B35 /* MainStoryboard_iPad.storyboard in Resources */ = {isa = PBXBuildFile; fileRef = B999089C16D9D44D004E5B35 /* MainStoryboard_iPad.storyboard */; };
		B99908A916D9E526004E5B35 /* FlickrAPI.m in Sources */ = {isa = PBXBuildFile; fileRef = B99908A816D9E526004E5B35 /* FlickrAPI.m */; };
		B99908AC16D9E536004E5B35 /* FlickrFeedReader.m in Sources */ = {isa = PBXBuildFile; fileRef = B99908AB16D9E536004E5B35 /* FlickrFeedReader.m */; };
		B99908AF16D9E5B9004E5B35 /* FlickrFeedReaderRss2.m in Sources */ = {isa = PBXBuildFile; fileRef = B99908AE16D9E5B9004E5B35 /* FlickrFeedReaderRss2.m */; };
		B99908B116D9F1E3004E5B35 /* DubLabs-Full-400x200.png in Resources */ = {isa = PBXBuildFile; fileRef = B99908B016D9F1E3004E5B35 /* DubLabs-Full-400x200.png */; };
		B99908B416D9F2F9004E5B35 /* DLTFeedItemCell.m in Sources */ = {isa = PBXBuildFile; fileRef = B99908B316D9F2F9004E5B35 /* DLTFeedItemCell.m */; };
		B99908B616D9F80C004E5B35 /* flickr_logo.png in Resources */ = {isa = PBXBuildFile; fileRef = B99908B516D9F80C004E5B35 /* flickr_logo.png */; };
		B99908B816D9FAEE004E5B35 /* DLTFeedItemCell.PNG in Resources */ = {isa = PBXBuildFile; fileRef = B99908B716D9FAEE004E5B35 /* DLTFeedItemCell.PNG */; };
		B99908BC16DA130B004E5B35 /* Default-Portrait@2x~ipad.png in Resources */ = {isa = PBXBuildFile; fileRef = B99908BB16DA130B004E5B35 /* Default-Portrait@2x~ipad.png */; };
		B99908BE16DA132A004E5B35 /* Default-Landscape@2x~ipad.png in Resources */ = {isa = PBXBuildFile; fileRef = B99908BD16DA132A004E5B35 /* Default-Landscape@2x~ipad.png */; };
		B99908C016DA13A6004E5B35 /* Default-Landscape~ipad.png in Resources */ = {isa = PBXBuildFile; fileRef = B99908BF16DA13A6004E5B35 /* Default-Landscape~ipad.png */; };
		B99908C116DA13E8004E5B35 /* Default-Portrait~ipad.png in Resources */ = {isa = PBXBuildFile; fileRef = B99908B916DA12F8004E5B35 /* Default-Portrait~ipad.png */; };
		B99908C516DAE3AB004E5B35 /* DLTTagEditorViewController.m in Sources */ = {isa = PBXBuildFile; fileRef = B99908C416DAE3AB004E5B35 /* DLTTagEditorViewController.m */; };
		B99908C816DAE592004E5B35 /* DLTTagEditorCell.m in Sources */ = {isa = PBXBuildFile; fileRef = B99908C716DAE592004E5B35 /* DLTTagEditorCell.m */; };
/* End PBXBuildFile section */

/* Begin PBXContainerItemProxy section */
		B999087A16D9D406004E5B35 /* PBXContainerItemProxy */ = {
			isa = PBXContainerItemProxy;
			containerPortal = B999084D16D9D405004E5B35 /* Project object */;
			proxyType = 1;
			remoteGlobalIDString = B999085416D9D405004E5B35;
			remoteInfo = DubLabsTestApp_v1;
		};
/* End PBXContainerItemProxy section */

/* Begin PBXFileReference section */
		B921C2B016DB36F800432145 /* DubLabsTestAppIcon_72x72.png */ = {isa = PBXFileReference; lastKnownFileType = image.png; path = DubLabsTestAppIcon_72x72.png; sourceTree = "<group>"; };
		B921C2B216DB36FB00432145 /* DubLabsTestAppIcon_144x144.png */ = {isa = PBXFileReference; lastKnownFileType = image.png; path = DubLabsTestAppIcon_144x144.png; sourceTree = "<group>"; };
		B999085516D9D405004E5B35 /* DubLabsTestApp_v1.app */ = {isa = PBXFileReference; explicitFileType = wrapper.application; includeInIndex = 0; path = DubLabsTestApp_v1.app; sourceTree = BUILT_PRODUCTS_DIR; };
		B999085816D9D405004E5B35 /* UIKit.framework */ = {isa = PBXFileReference; lastKnownFileType = wrapper.framework; name = UIKit.framework; path = System/Library/Frameworks/UIKit.framework; sourceTree = SDKROOT; };
		B999085A16D9D405004E5B35 /* Foundation.framework */ = {isa = PBXFileReference; lastKnownFileType = wrapper.framework; name = Foundation.framework; path = System/Library/Frameworks/Foundation.framework; sourceTree = SDKROOT; };
		B999085C16D9D405004E5B35 /* CoreGraphics.framework */ = {isa = PBXFileReference; lastKnownFileType = wrapper.framework; name = CoreGraphics.framework; path = System/Library/Frameworks/CoreGraphics.framework; sourceTree = SDKROOT; };
		B999086016D9D405004E5B35 /* DubLabsTestApp_v1-Info.plist */ = {isa = PBXFileReference; lastKnownFileType = text.plist.xml; path = "DubLabsTestApp_v1-Info.plist"; sourceTree = "<group>"; };
		B999086216D9D405004E5B35 /* en */ = {isa = PBXFileReference; lastKnownFileType = text.plist.strings; name = en; path = en.lproj/InfoPlist.strings; sourceTree = "<group>"; };
		B999086416D9D405004E5B35 /* main.m */ = {isa = PBXFileReference; lastKnownFileType = sourcecode.c.objc; path = main.m; sourceTree = "<group>"; };
		B999086616D9D405004E5B35 /* DubLabsTestApp_v1-Prefix.pch */ = {isa = PBXFileReference; lastKnownFileType = sourcecode.c.h; path = "DubLabsTestApp_v1-Prefix.pch"; sourceTree = "<group>"; };
		B999086716D9D405004E5B35 /* DLTAppDelegate.h */ = {isa = PBXFileReference; lastKnownFileType = sourcecode.c.h; path = DLTAppDelegate.h; sourceTree = "<group>"; };
		B999086816D9D405004E5B35 /* DLTAppDelegate.m */ = {isa = PBXFileReference; lastKnownFileType = sourcecode.c.objc; path = DLTAppDelegate.m; sourceTree = "<group>"; };
		B999086A16D9D405004E5B35 /* Default.png */ = {isa = PBXFileReference; lastKnownFileType = image.png; path = Default.png; sourceTree = "<group>"; };
		B999086C16D9D405004E5B35 /* Default@2x.png */ = {isa = PBXFileReference; lastKnownFileType = image.png; path = "Default@2x.png"; sourceTree = "<group>"; };
		B999086E16D9D405004E5B35 /* Default-568h@2x.png */ = {isa = PBXFileReference; lastKnownFileType = image.png; path = "Default-568h@2x.png"; sourceTree = "<group>"; };
		B999087516D9D406004E5B35 /* DubLabsTestApp_v1Tests.octest */ = {isa = PBXFileReference; explicitFileType = wrapper.cfbundle; includeInIndex = 0; path = DubLabsTestApp_v1Tests.octest; sourceTree = BUILT_PRODUCTS_DIR; };
		B999087616D9D406004E5B35 /* SenTestingKit.framework */ = {isa = PBXFileReference; lastKnownFileType = wrapper.framework; name = SenTestingKit.framework; path = Library/Frameworks/SenTestingKit.framework; sourceTree = DEVELOPER_DIR; };
		B999087E16D9D406004E5B35 /* DubLabsTestApp_v1Tests-Info.plist */ = {isa = PBXFileReference; lastKnownFileType = text.plist.xml; path = "DubLabsTestApp_v1Tests-Info.plist"; sourceTree = "<group>"; };
		B999088016D9D406004E5B35 /* en */ = {isa = PBXFileReference; lastKnownFileType = text.plist.strings; name = en; path = en.lproj/InfoPlist.strings; sourceTree = "<group>"; };
		B999088216D9D406004E5B35 /* DubLabsTestApp_v1Tests.h */ = {isa = PBXFileReference; lastKnownFileType = sourcecode.c.h; path = DubLabsTestApp_v1Tests.h; sourceTree = "<group>"; };
		B999088316D9D406004E5B35 /* DubLabsTestApp_v1Tests.m */ = {isa = PBXFileReference; lastKnownFileType = sourcecode.c.objc; path = DubLabsTestApp_v1Tests.m; sourceTree = "<group>"; };
		B999088E16D9D436004E5B35 /* DLTCommon.h */ = {isa = PBXFileReference; fileEncoding = 4; lastKnownFileType = sourcecode.c.h; path = DLTCommon.h; sourceTree = "<group>"; };
		B999088F16D9D436004E5B35 /* DLTCommon.m */ = {isa = PBXFileReference; fileEncoding = 4; lastKnownFileType = sourcecode.c.objc; path = DLTCommon.m; sourceTree = "<group>"; };
		B999089216D9D43D004E5B35 /* DLTFeedItemDetailViewController.h */ = {isa = PBXFileReference; fileEncoding = 4; lastKnownFileType = sourcecode.c.h; path = DLTFeedItemDetailViewController.h; sourceTree = "<group>"; };
		B999089316D9D43D004E5B35 /* DLTFeedItemDetailViewController.m */ = {isa = PBXFileReference; fileEncoding = 4; lastKnownFileType = sourcecode.c.objc; path = DLTFeedItemDetailViewController.m; sourceTree = "<group>"; };
		B999089416D9D43D004E5B35 /* DLTFeedItemsViewController.h */ = {isa = PBXFileReference; fileEncoding = 4; lastKnownFileType = sourcecode.c.h; path = DLTFeedItemsViewController.h; sourceTree = "<group>"; };
		B999089516D9D43D004E5B35 /* DLTFeedItemsViewController.m */ = {isa = PBXFileReference; fileEncoding = 4; lastKnownFileType = sourcecode.c.objc; path = DLTFeedItemsViewController.m; sourceTree = "<group>"; };
		B999089C16D9D44D004E5B35 /* MainStoryboard_iPad.storyboard */ = {isa = PBXFileReference; fileEncoding = 4; lastKnownFileType = file.storyboard; path = MainStoryboard_iPad.storyboard; sourceTree = "<group>"; };
		B99908A716D9E526004E5B35 /* FlickrAPI.h */ = {isa = PBXFileReference; fileEncoding = 4; lastKnownFileType = sourcecode.c.h; path = FlickrAPI.h; sourceTree = "<group>"; };
		B99908A816D9E526004E5B35 /* FlickrAPI.m */ = {isa = PBXFileReference; fileEncoding = 4; lastKnownFileType = sourcecode.c.objc; path = FlickrAPI.m; sourceTree = "<group>"; };
		B99908AA16D9E536004E5B35 /* FlickrFeedReader.h */ = {isa = PBXFileReference; fileEncoding = 4; lastKnownFileType = sourcecode.c.h; path = FlickrFeedReader.h; sourceTree = "<group>"; };
		B99908AB16D9E536004E5B35 /* FlickrFeedReader.m */ = {isa = PBXFileReference; fileEncoding = 4; lastKnownFileType = sourcecode.c.objc; path = FlickrFeedReader.m; sourceTree = "<group>"; };
		B99908AD16D9E5B9004E5B35 /* FlickrFeedReaderRss2.h */ = {isa = PBXFileReference; fileEncoding = 4; lastKnownFileType = sourcecode.c.h; path = FlickrFeedReaderRss2.h; sourceTree = "<group>"; };
		B99908AE16D9E5B9004E5B35 /* FlickrFeedReaderRss2.m */ = {isa = PBXFileReference; fileEncoding = 4; lastKnownFileType = sourcecode.c.objc; path = FlickrFeedReaderRss2.m; sourceTree = "<group>"; };
		B99908B016D9F1E3004E5B35 /* DubLabs-Full-400x200.png */ = {isa = PBXFileReference; lastKnownFileType = image.png; path = "DubLabs-Full-400x200.png"; sourceTree = "<group>"; };
		B99908B216D9F2F9004E5B35 /* DLTFeedItemCell.h */ = {isa = PBXFileReference; fileEncoding = 4; lastKnownFileType = sourcecode.c.h; path = DLTFeedItemCell.h; sourceTree = "<group>"; };
		B99908B316D9F2F9004E5B35 /* DLTFeedItemCell.m */ = {isa = PBXFileReference; fileEncoding = 4; lastKnownFileType = sourcecode.c.objc; path = DLTFeedItemCell.m; sourceTree = "<group>"; };
		B99908B516D9F80C004E5B35 /* flickr_logo.png */ = {isa = PBXFileReference; lastKnownFileType = image.png; path = flickr_logo.png; sourceTree = "<group>"; };
		B99908B716D9FAEE004E5B35 /* DLTFeedItemCell.PNG */ = {isa = PBXFileReference; lastKnownFileType = image.png; path = DLTFeedItemCell.PNG; sourceTree = "<group>"; };
		B99908B916DA12F8004E5B35 /* Default-Portrait~ipad.png */ = {isa = PBXFileReference; lastKnownFileType = image.png; path = "Default-Portrait~ipad.png"; sourceTree = "<group>"; };
		B99908BB16DA130B004E5B35 /* Default-Portrait@2x~ipad.png */ = {isa = PBXFileReference; lastKnownFileType = image.png; path = "Default-Portrait@2x~ipad.png"; sourceTree = "<group>"; };
		B99908BD16DA132A004E5B35 /* Default-Landscape@2x~ipad.png */ = {isa = PBXFileReference; lastKnownFileType = image.png; path = "Default-Landscape@2x~ipad.png"; sourceTree = "<group>"; };
		B99908BF16DA13A6004E5B35 /* Default-Landscape~ipad.png */ = {isa = PBXFileReference; lastKnownFileType = image.png; path = "Default-Landscape~ipad.png"; sourceTree = "<group>"; };
		B99908C316DAE3AB004E5B35 /* DLTTagEditorViewController.h */ = {isa = PBXFileReference; fileEncoding = 4; lastKnownFileType = sourcecode.c.h; path = DLTTagEditorViewController.h; sourceTree = "<group>"; };
		B99908C416DAE3AB004E5B35 /* DLTTagEditorViewController.m */ = {isa = PBXFileReference; fileEncoding = 4; lastKnownFileType = sourcecode.c.objc; path = DLTTagEditorViewController.m; sourceTree = "<group>"; };
		B99908C616DAE592004E5B35 /* DLTTagEditorCell.h */ = {isa = PBXFileReference; fileEncoding = 4; lastKnownFileType = sourcecode.c.h; path = DLTTagEditorCell.h; sourceTree = "<group>"; };
		B99908C716DAE592004E5B35 /* DLTTagEditorCell.m */ = {isa = PBXFileReference; fileEncoding = 4; lastKnownFileType = sourcecode.c.objc; path = DLTTagEditorCell.m; sourceTree = "<group>"; };
/* End PBXFileReference section */

/* Begin PBXFrameworksBuildPhase section */
		B999085216D9D405004E5B35 /* Frameworks */ = {
			isa = PBXFrameworksBuildPhase;
			buildActionMask = 2147483647;
			files = (
				B999085916D9D405004E5B35 /* UIKit.framework in Frameworks */,
				B999085B16D9D405004E5B35 /* Foundation.framework in Frameworks */,
				B999085D16D9D405004E5B35 /* CoreGraphics.framework in Frameworks */,
			);
			runOnlyForDeploymentPostprocessing = 0;
		};
		B999087116D9D405004E5B35 /* Frameworks */ = {
			isa = PBXFrameworksBuildPhase;
			buildActionMask = 2147483647;
			files = (
				B999087716D9D406004E5B35 /* SenTestingKit.framework in Frameworks */,
				B999087816D9D406004E5B35 /* UIKit.framework in Frameworks */,
				B999087916D9D406004E5B35 /* Foundation.framework in Frameworks */,
			);
			runOnlyForDeploymentPostprocessing = 0;
		};
/* End PBXFrameworksBuildPhase section */

/* Begin PBXGroup section */
		B999084C16D9D405004E5B35 = {
			isa = PBXGroup;
			children = (
				B921C2B216DB36FB00432145 /* DubLabsTestAppIcon_144x144.png */,
				B921C2B016DB36F800432145 /* DubLabsTestAppIcon_72x72.png */,
				B99908BF16DA13A6004E5B35 /* Default-Landscape~ipad.png */,
				B99908BD16DA132A004E5B35 /* Default-Landscape@2x~ipad.png */,
				B99908BB16DA130B004E5B35 /* Default-Portrait@2x~ipad.png */,
				B99908B916DA12F8004E5B35 /* Default-Portrait~ipad.png */,
				B999085E16D9D405004E5B35 /* DubLabsTestApp_v1 */,
				B999087C16D9D406004E5B35 /* DubLabsTestApp_v1Tests */,
				B999085716D9D405004E5B35 /* Frameworks */,
				B999085616D9D405004E5B35 /* Products */,
			);
			sourceTree = "<group>";
		};
		B999085616D9D405004E5B35 /* Products */ = {
			isa = PBXGroup;
			children = (
				B999085516D9D405004E5B35 /* DubLabsTestApp_v1.app */,
				B999087516D9D406004E5B35 /* DubLabsTestApp_v1Tests.octest */,
			);
			name = Products;
			sourceTree = "<group>";
		};
		B999085716D9D405004E5B35 /* Frameworks */ = {
			isa = PBXGroup;
			children = (
				B999085816D9D405004E5B35 /* UIKit.framework */,
				B999085A16D9D405004E5B35 /* Foundation.framework */,
				B999085C16D9D405004E5B35 /* CoreGraphics.framework */,
				B999087616D9D406004E5B35 /* SenTestingKit.framework */,
			);
			name = Frameworks;
			sourceTree = "<group>";
		};
		B999085E16D9D405004E5B35 /* DubLabsTestApp_v1 */ = {
			isa = PBXGroup;
			children = (
				B999088D16D9D436004E5B35 /* Common */,
				B99908A616D9E51B004E5B35 /* Fiickr */,
				B999089116D9D43D004E5B35 /* Feeds */,
				B999089B16D9D44D004E5B35 /* User Interface */,
				B999089816D9D446004E5B35 /* Images */,
				B999086716D9D405004E5B35 /* DLTAppDelegate.h */,
				B999086816D9D405004E5B35 /* DLTAppDelegate.m */,
				B999085F16D9D405004E5B35 /* Supporting Files */,
			);
			path = DubLabsTestApp_v1;
			sourceTree = "<group>";
		};
		B999085F16D9D405004E5B35 /* Supporting Files */ = {
			isa = PBXGroup;
			children = (
				B999086016D9D405004E5B35 /* DubLabsTestApp_v1-Info.plist */,
				B999086116D9D405004E5B35 /* InfoPlist.strings */,
				B999086416D9D405004E5B35 /* main.m */,
				B999086616D9D405004E5B35 /* DubLabsTestApp_v1-Prefix.pch */,
				B999086A16D9D405004E5B35 /* Default.png */,
				B999086C16D9D405004E5B35 /* Default@2x.png */,
				B999086E16D9D405004E5B35 /* Default-568h@2x.png */,
			);
			name = "Supporting Files";
			sourceTree = "<group>";
		};
		B999087C16D9D406004E5B35 /* DubLabsTestApp_v1Tests */ = {
			isa = PBXGroup;
			children = (
				B999088216D9D406004E5B35 /* DubLabsTestApp_v1Tests.h */,
				B999088316D9D406004E5B35 /* DubLabsTestApp_v1Tests.m */,
				B999087D16D9D406004E5B35 /* Supporting Files */,
			);
			path = DubLabsTestApp_v1Tests;
			sourceTree = "<group>";
		};
		B999087D16D9D406004E5B35 /* Supporting Files */ = {
			isa = PBXGroup;
			children = (
				B999087E16D9D406004E5B35 /* DubLabsTestApp_v1Tests-Info.plist */,
				B999087F16D9D406004E5B35 /* InfoPlist.strings */,
			);
			name = "Supporting Files";
			sourceTree = "<group>";
		};
		B999088D16D9D436004E5B35 /* Common */ = {
			isa = PBXGroup;
			children = (
				B999088E16D9D436004E5B35 /* DLTCommon.h */,
				B999088F16D9D436004E5B35 /* DLTCommon.m */,
			);
			path = Common;
			sourceTree = "<group>";
		};
		B999089116D9D43D004E5B35 /* Feeds */ = {
			isa = PBXGroup;
			children = (
				B99908C216DAE38C004E5B35 /* Tag Editor */,
				B999089216D9D43D004E5B35 /* DLTFeedItemDetailViewController.h */,
				B999089316D9D43D004E5B35 /* DLTFeedItemDetailViewController.m */,
				B99908B216D9F2F9004E5B35 /* DLTFeedItemCell.h */,
				B99908B316D9F2F9004E5B35 /* DLTFeedItemCell.m */,
				B999089416D9D43D004E5B35 /* DLTFeedItemsViewController.h */,
				B999089516D9D43D004E5B35 /* DLTFeedItemsViewController.m */,
			);
			path = Feeds;
			sourceTree = "<group>";
		};
		B999089816D9D446004E5B35 /* Images */ = {
			isa = PBXGroup;
			children = (
				B99908B716D9FAEE004E5B35 /* DLTFeedItemCell.PNG */,
				B99908B516D9F80C004E5B35 /* flickr_logo.png */,
				B99908B016D9F1E3004E5B35 /* DubLabs-Full-400x200.png */,
			);
			path = Images;
			sourceTree = "<group>";
		};
		B999089B16D9D44D004E5B35 /* User Interface */ = {
			isa = PBXGroup;
			children = (
				B999089C16D9D44D004E5B35 /* MainStoryboard_iPad.storyboard */,
			);
			path = "User Interface";
			sourceTree = "<group>";
		};
		B99908A616D9E51B004E5B35 /* Fiickr */ = {
			isa = PBXGroup;
			children = (
				B99908AA16D9E536004E5B35 /* FlickrFeedReader.h */,
				B99908AB16D9E536004E5B35 /* FlickrFeedReader.m */,
				B99908AD16D9E5B9004E5B35 /* FlickrFeedReaderRss2.h */,
				B99908AE16D9E5B9004E5B35 /* FlickrFeedReaderRss2.m */,
				B99908A716D9E526004E5B35 /* FlickrAPI.h */,
				B99908A816D9E526004E5B35 /* FlickrAPI.m */,
			);
			path = Fiickr;
			sourceTree = "<group>";
		};
		B99908C216DAE38C004E5B35 /* Tag Editor */ = {
			isa = PBXGroup;
			children = (
				B99908C616DAE592004E5B35 /* DLTTagEditorCell.h */,
				B99908C716DAE592004E5B35 /* DLTTagEditorCell.m */,
				B99908C316DAE3AB004E5B35 /* DLTTagEditorViewController.h */,
				B99908C416DAE3AB004E5B35 /* DLTTagEditorViewController.m */,
			);
			path = "Tag Editor";
			sourceTree = "<group>";
		};
/* End PBXGroup section */

/* Begin PBXNativeTarget section */
		B999085416D9D405004E5B35 /* DubLabsTestApp_v1 */ = {
			isa = PBXNativeTarget;
			buildConfigurationList = B999088716D9D406004E5B35 /* Build configuration list for PBXNativeTarget "DubLabsTestApp_v1" */;
			buildPhases = (
				B999085116D9D405004E5B35 /* Sources */,
				B999085216D9D405004E5B35 /* Frameworks */,
				B999085316D9D405004E5B35 /* Resources */,
			);
			buildRules = (
			);
			dependencies = (
			);
			name = DubLabsTestApp_v1;
			productName = DubLabsTestApp_v1;
			productReference = B999085516D9D405004E5B35 /* DubLabsTestApp_v1.app */;
			productType = "com.apple.product-type.application";
		};
		B999087416D9D405004E5B35 /* DubLabsTestApp_v1Tests */ = {
			isa = PBXNativeTarget;
			buildConfigurationList = B999088A16D9D406004E5B35 /* Build configuration list for PBXNativeTarget "DubLabsTestApp_v1Tests" */;
			buildPhases = (
				B999087016D9D405004E5B35 /* Sources */,
				B999087116D9D405004E5B35 /* Frameworks */,
				B999087216D9D405004E5B35 /* Resources */,
				B999087316D9D405004E5B35 /* ShellScript */,
			);
			buildRules = (
			);
			dependencies = (
				B999087B16D9D406004E5B35 /* PBXTargetDependency */,
			);
			name = DubLabsTestApp_v1Tests;
			productName = DubLabsTestApp_v1Tests;
			productReference = B999087516D9D406004E5B35 /* DubLabsTestApp_v1Tests.octest */;
			productType = "com.apple.product-type.bundle";
		};
/* End PBXNativeTarget section */

/* Begin PBXProject section */
		B999084D16D9D405004E5B35 /* Project object */ = {
			isa = PBXProject;
			attributes = {
				CLASSPREFIX = DLT;
				LastUpgradeCheck = 0460;
				ORGANIZATIONNAME = "Wendell Thompson";
			};
			buildConfigurationList = B999085016D9D405004E5B35 /* Build configuration list for PBXProject "DubLabsTestApp_v1" */;
			compatibilityVersion = "Xcode 3.2";
			developmentRegion = English;
			hasScannedForEncodings = 0;
			knownRegions = (
				en,
			);
			mainGroup = B999084C16D9D405004E5B35;
			productRefGroup = B999085616D9D405004E5B35 /* Products */;
			projectDirPath = "";
			projectRoot = "";
			targets = (
				B999085416D9D405004E5B35 /* DubLabsTestApp_v1 */,
				B999087416D9D405004E5B35 /* DubLabsTestApp_v1Tests */,
			);
		};
/* End PBXProject section */

/* Begin PBXResourcesBuildPhase section */
		B999085316D9D405004E5B35 /* Resources */ = {
			isa = PBXResourcesBuildPhase;
			buildActionMask = 2147483647;
			files = (
				B999086316D9D405004E5B35 /* InfoPlist.strings in Resources */,
				B999086F16D9D405004E5B35 /* Default-568h@2x.png in Resources */,
				B999089D16D9D44D004E5B35 /* MainStoryboard_iPad.storyboard in Resources */,
				B99908B116D9F1E3004E5B35 /* DubLabs-Full-400x200.png in Resources */,
				B99908B616D9F80C004E5B35 /* flickr_logo.png in Resources */,
				B99908B816D9FAEE004E5B35 /* DLTFeedItemCell.PNG in Resources */,
				B99908BC16DA130B004E5B35 /* Default-Portrait@2x~ipad.png in Resources */,
				B99908BE16DA132A004E5B35 /* Default-Landscape@2x~ipad.png in Resources */,
				B99908C016DA13A6004E5B35 /* Default-Landscape~ipad.png in Resources */,
				B99908C116DA13E8004E5B35 /* Default-Portrait~ipad.png in Resources */,
				B921C2B116DB36F800432145 /* DubLabsTestAppIcon_72x72.png in Resources */,
				B921C2B316DB36FB00432145 /* DubLabsTestAppIcon_144x144.png in Resources */,
			);
			runOnlyForDeploymentPostprocessing = 0;
		};
		B999087216D9D405004E5B35 /* Resources */ = {
			isa = PBXResourcesBuildPhase;
			buildActionMask = 2147483647;
			files = (
				B999088116D9D406004E5B35 /* InfoPlist.strings in Resources */,
			);
			runOnlyForDeploymentPostprocessing = 0;
		};
/* End PBXResourcesBuildPhase section */

/* Begin PBXShellScriptBuildPhase section */
		B999087316D9D405004E5B35 /* ShellScript */ = {
			isa = PBXShellScriptBuildPhase;
			buildActionMask = 2147483647;
			files = (
			);
			inputPaths = (
			);
			outputPaths = (
			);
			runOnlyForDeploymentPostprocessing = 0;
			shellPath = /bin/sh;
			shellScript = "# Run the unit tests in this test bundle.\n\"${SYSTEM_DEVELOPER_DIR}/Tools/RunUnitTests\"\n";
		};
/* End PBXShellScriptBuildPhase section */

/* Begin PBXSourcesBuildPhase section */
		B999085116D9D405004E5B35 /* Sources */ = {
			isa = PBXSourcesBuildPhase;
			buildActionMask = 2147483647;
			files = (
				B999086516D9D405004E5B35 /* main.m in Sources */,
				B999086916D9D405004E5B35 /* DLTAppDelegate.m in Sources */,
				B999089016D9D436004E5B35 /* DLTCommon.m in Sources */,
				B999089616D9D43D004E5B35 /* DLTFeedItemDetailViewController.m in Sources */,
				B999089716D9D43D004E5B35 /* DLTFeedItemsViewController.m in Sources */,
				B99908A916D9E526004E5B35 /* FlickrAPI.m in Sources */,
				B99908AC16D9E536004E5B35 /* FlickrFeedReader.m in Sources */,
				B99908AF16D9E5B9004E5B35 /* FlickrFeedReaderRss2.m in Sources */,
				B99908B416D9F2F9004E5B35 /* DLTFeedItemCell.m in Sources */,
				B99908C516DAE3AB004E5B35 /* DLTTagEditorViewController.m in Sources */,
				B99908C816DAE592004E5B35 /* DLTTagEditorCell.m in Sources */,
			);
			runOnlyForDeploymentPostprocessing = 0;
		};
		B999087016D9D405004E5B35 /* Sources */ = {
			isa = PBXSourcesBuildPhase;
			buildActionMask = 2147483647;
			files = (
				B999088416D9D406004E5B35 /* DubLabsTestApp_v1Tests.m in Sources */,
			);
			runOnlyForDeploymentPostprocessing = 0;
		};
/* End PBXSourcesBuildPhase section */

/* Begin PBXTargetDependency section */
		B999087B16D9D406004E5B35 /* PBXTargetDependency */ = {
			isa = PBXTargetDependency;
			target = B999085416D9D405004E5B35 /* DubLabsTestApp_v1 */;
			targetProxy = B999087A16D9D406004E5B35 /* PBXContainerItemProxy */;
		};
/* End PBXTargetDependency section */

/* Begin PBXVariantGroup section */
		B999086116D9D405004E5B35 /* InfoPlist.strings */ = {
			isa = PBXVariantGroup;
			children = (
				B999086216D9D405004E5B35 /* en */,
			);
			name = InfoPlist.strings;
			sourceTree = "<group>";
		};
		B999087F16D9D406004E5B35 /* InfoPlist.strings */ = {
			isa = PBXVariantGroup;
			children = (
				B999088016D9D406004E5B35 /* en */,
			);
			name = InfoPlist.strings;
			sourceTree = "<group>";
		};
/* End PBXVariantGroup section */

/* Begin XCBuildConfiguration section */
		B999088516D9D406004E5B35 /* Debug */ = {
			isa = XCBuildConfiguration;
			buildSettings = {
				ALWAYS_SEARCH_USER_PATHS = NO;
				CLANG_CXX_LANGUAGE_STANDARD = "gnu++0x";
				CLANG_CXX_LIBRARY = "libc++";
				CLANG_ENABLE_OBJC_ARC = YES;
				CLANG_WARN_CONSTANT_CONVERSION = YES;
				CLANG_WARN_EMPTY_BODY = YES;
				CLANG_WARN_ENUM_CONVERSION = YES;
				CLANG_WARN_INT_CONVERSION = YES;
				CLANG_WARN__DUPLICATE_METHOD_MATCH = YES;
				"CODE_SIGN_IDENTITY[sdk=iphoneos*]" = "iPhone Developer";
				COPY_PHASE_STRIP = NO;
				GCC_C_LANGUAGE_STANDARD = gnu99;
				GCC_DYNAMIC_NO_PIC = NO;
				GCC_OPTIMIZATION_LEVEL = 0;
				GCC_PREPROCESSOR_DEFINITIONS = (
					"DEBUG=1",
					"$(inherited)",
				);
				GCC_SYMBOLS_PRIVATE_EXTERN = NO;
				GCC_WARN_ABOUT_RETURN_TYPE = YES;
				GCC_WARN_UNINITIALIZED_AUTOS = YES;
				GCC_WARN_UNUSED_VARIABLE = YES;
				IPHONEOS_DEPLOYMENT_TARGET = 6.1;
				ONLY_ACTIVE_ARCH = YES;
				SDKROOT = iphoneos;
				TARGETED_DEVICE_FAMILY = "1,2";
			};
			name = Debug;
		};
		B999088616D9D406004E5B35 /* Release */ = {
			isa = XCBuildConfiguration;
			buildSettings = {
				ALWAYS_SEARCH_USER_PATHS = NO;
				CLANG_CXX_LANGUAGE_STANDARD = "gnu++0x";
				CLANG_CXX_LIBRARY = "libc++";
				CLANG_ENABLE_OBJC_ARC = YES;
				CLANG_WARN_CONSTANT_CONVERSION = YES;
				CLANG_WARN_EMPTY_BODY = YES;
				CLANG_WARN_ENUM_CONVERSION = YES;
				CLANG_WARN_INT_CONVERSION = YES;
				CLANG_WARN__DUPLICATE_METHOD_MATCH = YES;
				"CODE_SIGN_IDENTITY[sdk=iphoneos*]" = "iPhone Developer";
				COPY_PHASE_STRIP = YES;
				GCC_C_LANGUAGE_STANDARD = gnu99;
				GCC_WARN_ABOUT_RETURN_TYPE = YES;
				GCC_WARN_UNINITIALIZED_AUTOS = YES;
				GCC_WARN_UNUSED_VARIABLE = YES;
				IPHONEOS_DEPLOYMENT_TARGET = 6.1;
				OTHER_CFLAGS = "-DNS_BLOCK_ASSERTIONS=1";
				SDKROOT = iphoneos;
				TARGETED_DEVICE_FAMILY = "1,2";
				VALIDATE_PRODUCT = YES;
			};
			name = Release;
		};
		B999088816D9D406004E5B35 /* Debug */ = {
			isa = XCBuildConfiguration;
			buildSettings = {
				GCC_PRECOMPILE_PREFIX_HEADER = YES;
				GCC_PREFIX_HEADER = "DubLabsTestApp_v1/DubLabsTestApp_v1-Prefix.pch";
				INFOPLIST_FILE = "DubLabsTestApp_v1/DubLabsTestApp_v1-Info.plist";
				PRODUCT_NAME = "$(TARGET_NAME)";
				TARGETED_DEVICE_FAMILY = 2;
				WRAPPER_EXTENSION = app;
			};
			name = Debug;
		};
		B999088916D9D406004E5B35 /* Release */ = {
			isa = XCBuildConfiguration;
			buildSettings = {
				GCC_PRECOMPILE_PREFIX_HEADER = YES;
				GCC_PREFIX_HEADER = "DubLabsTestApp_v1/DubLabsTestApp_v1-Prefix.pch";
				INFOPLIST_FILE = "DubLabsTestApp_v1/DubLabsTestApp_v1-Info.plist";
				PRODUCT_NAME = "$(TARGET_NAME)";
				TARGETED_DEVICE_FAMILY = 2;
				WRAPPER_EXTENSION = app;
			};
			name = Release;
		};
		B999088B16D9D406004E5B35 /* Debug */ = {
			isa = XCBuildConfiguration;
			buildSettings = {
				BUNDLE_LOADER = "$(BUILT_PRODUCTS_DIR)/DubLabsTestApp_v1.app/DubLabsTestApp_v1";
				FRAMEWORK_SEARCH_PATHS = (
					"\"$(SDKROOT)/Developer/Library/Frameworks\"",
					"\"$(DEVELOPER_LIBRARY_DIR)/Frameworks\"",
				);
				GCC_PRECOMPILE_PREFIX_HEADER = YES;
				GCC_PREFIX_HEADER = "DubLabsTestApp_v1/DubLabsTestApp_v1-Prefix.pch";
				INFOPLIST_FILE = "DubLabsTestApp_v1Tests/DubLabsTestApp_v1Tests-Info.plist";
				PRODUCT_NAME = "$(TARGET_NAME)";
				TEST_HOST = "$(BUNDLE_LOADER)";
				WRAPPER_EXTENSION = octest;
			};
			name = Debug;
		};
		B999088C16D9D406004E5B35 /* Release */ = {
			isa = XCBuildConfiguration;
			buildSettings = {
				BUNDLE_LOADER = "$(BUILT_PRODUCTS_DIR)/DubLabsTestApp_v1.app/DubLabsTestApp_v1";
				FRAMEWORK_SEARCH_PATHS = (
					"\"$(SDKROOT)/Developer/Library/Frameworks\"",
					"\"$(DEVELOPER_LIBRARY_DIR)/Frameworks\"",
				);
				GCC_PRECOMPILE_PREFIX_HEADER = YES;
				GCC_PREFIX_HEADER = "DubLabsTestApp_v1/DubLabsTestApp_v1-Prefix.pch";
				INFOPLIST_FILE = "DubLabsTestApp_v1Tests/DubLabsTestApp_v1Tests-Info.plist";
				PRODUCT_NAME = "$(TARGET_NAME)";
				TEST_HOST = "$(BUNDLE_LOADER)";
				WRAPPER_EXTENSION = octest;
			};
			name = Release;
		};
/* End XCBuildConfiguration section */

/* Begin XCConfigurationList section */
		B999085016D9D405004E5B35 /* Build configuration list for PBXProject "DubLabsTestApp_v1" */ = {
			isa = XCConfigurationList;
			buildConfigurations = (
				B999088516D9D406004E5B35 /* Debug */,
				B999088616D9D406004E5B35 /* Release */,
			);
			defaultConfigurationIsVisible = 0;
			defaultConfigurationName = Release;
		};
		B999088716D9D406004E5B35 /* Build configuration list for PBXNativeTarget "DubLabsTestApp_v1" */ = {
			isa = XCConfigurationList;
			buildConfigurations = (
				B999088816D9D406004E5B35 /* Debug */,
				B999088916D9D406004E5B35 /* Release */,
			);
			defaultConfigurationIsVisible = 0;
			defaultConfigurationName = Release;
		};
		B999088A16D9D406004E5B35 /* Build configuration list for PBXNativeTarget "DubLabsTestApp_v1Tests" */ = {
			isa = XCConfigurationList;
			buildConfigurations = (
				B999088B16D9D406004E5B35 /* Debug */,
				B999088C16D9D406004E5B35 /* Release */,
			);
			defaultConfigurationIsVisible = 0;
			defaultConfigurationName = Release;
		};
/* End XCConfigurationList section */
	};
	rootObject = B999084D16D9D405004E5B35 /* Project object */;
}
